
Microsoft Visual Studio Solution File, Format Version 12.00
# Visual Studio 15
VisualStudioVersion = 15.0.28307.852
MinimumVisualStudioVersion = 10.0.40219.1
Project("{FAE04EC0-301F-11D3-BF4B-00C04F79EFBC}") = "FullStackBackEnd", "FullStackBackEnd\FullStackBackEnd.csproj", "{4330C8A8-8B5F-4878-98C8-D2E2BF575059}"
EndProject
Global
	GlobalSection(SolutionConfigurationPlatforms) = preSolution
		Debug|Any CPU = Debug|Any CPU
		Release|Any CPU = Release|Any CPU
	EndGlobalSection
	GlobalSection(ProjectConfigurationPlatforms) = postSolution
		{4330C8A8-8B5F-4878-98C8-D2E2BF575059}.Debug|Any CPU.ActiveCfg = Debug|Any CPU
		{4330C8A8-8B5F-4878-98C8-D2E2BF575059}.Debug|Any CPU.Build.0 = Debug|Any CPU
		{4330C8A8-8B5F-4878-98C8-D2E2BF575059}.Release|Any CPU.ActiveCfg = Release|Any CPU
		{4330C8A8-8B5F-4878-98C8-D2E2BF575059}.Release|Any CPU.Build.0 = Release|Any CPU
	EndGlobalSection
	GlobalSection(SolutionProperties) = preSolution
		HideSolutionNode = FALSE
	EndGlobalSection
	GlobalSection(ExtensibilityGlobals) = postSolution
		SolutionGuid = {7A9A7045-B111-4050-B8EE-3CE197E7638B}
	EndGlobalSection
EndGlobal
